[[package]]
name = "core"
source = "path+from-root-761F6D2359A3717F"

[[package]]
name = "interfaces"
source = "path+from-root-D787390EC18F7954"
dependencies = [
    "merkle",
    "message",
    "standards git+https://github.com/FuelLabs/sway-standards?tag=v0.5.0#348f7175df4c012b23c86cdb18aab79025ca1f18",
    "std",
    "sway_libs",
]

[[package]]
name = "merkle"
source = "path+from-root-D787390EC18F7954"
dependencies = ["std"]

[[package]]
name = "message"
source = "path+from-root-D787390EC18F7954"
dependencies = [
    "std",
    "std_lib_extended",
]

[[package]]
name = "standards"
source = "git+https://github.com/FuelLabs/sway-standards?tag=v0.5.0#348f7175df4c012b23c86cdb18aab79025ca1f18"
dependencies = ["std"]

[[package]]
name = "standards"
source = "git+https://github.com/FuelLabs/sway-standards?tag=v0.6.0#65e09f95ea8b9476b171a66c8a47108f352fa32c"
dependencies = ["std"]

[[package]]
name = "standards"
source = "git+https://github.com/FuelLabs/sway-standards?tag=v0.6.3#6ffb53d649b9799acda6d03c3ed82706daaafe7d"
dependencies = ["std"]

[[package]]
name = "std"
source = "git+https://github.com/fuellabs/sway?rev#988be9b6a987f58493d6500bb4529490e5cb787c"
dependencies = ["core"]

[[package]]
name = "std_lib_extended"
source = "path+from-root-D787390EC18F7954"
dependencies = ["std"]

[[package]]
name = "sway_libs"
source = "git+https://github.com/fuellabs/sway-libs?tag=v0.24.2#55d503c50281e775655e00282064e629f357dcfc"
dependencies = [
    "standards git+https://github.com/FuelLabs/sway-standards?tag=v0.6.0#65e09f95ea8b9476b171a66c8a47108f352fa32c",
    "std",
]

[[package]]
name = "wr_multicall"
source = "member"
dependencies = [
    "interfaces",
    "standards git+https://github.com/FuelLabs/sway-standards?tag=v0.6.3#6ffb53d649b9799acda6d03c3ed82706daaafe7d",
    "std",
    "sway_libs",
]
