[[package]]
name = "aggregation"
source = "member"
dependencies = [
    "interfaces",
    "message",
    "standards git+https://github.com/FuelLabs/sway-standards?tag=v0.6.3#6ffb53d649b9799acda6d03c3ed82706daaafe7d",
    "std",
    "std_hook_metadata",
    "sway_libs",
]

[[package]]
name = "aggregation-ism"
source = "member"
dependencies = [
    "aggregation_ism_metadata",
    "interfaces",
    "standards git+https://github.com/FuelLabs/sway-standards?tag=v0.6.3#6ffb53d649b9799acda6d03c3ed82706daaafe7d",
    "std",
    "sway_libs",
]

[[package]]
name = "aggregation_ism_metadata"
source = "member"
dependencies = [
    "std",
    "std_lib_extended",
]

[[package]]
name = "checkpoint"
source = "member"
dependencies = [
    "std",
    "std_lib_extended",
]

[[package]]
name = "core"
source = "path+from-root-761F6D2359A3717F"

[[package]]
name = "default-fallback-domain-routing-ism"
source = "member"
dependencies = [
    "interfaces",
    "message",
    "standards git+https://github.com/FuelLabs/sway-standards?tag=v0.6.3#6ffb53d649b9799acda6d03c3ed82706daaafe7d",
    "std",
    "sway_libs",
]

[[package]]
name = "domain-routing-ism"
source = "member"
dependencies = [
    "interfaces",
    "message",
    "standards git+https://github.com/FuelLabs/sway-standards?tag=v0.6.3#6ffb53d649b9799acda6d03c3ed82706daaafe7d",
    "std",
    "sway_libs",
]

[[package]]
name = "fallback-domain-routing-hook"
source = "member"
dependencies = [
    "interfaces",
    "message",
    "standards git+https://github.com/FuelLabs/sway-standards?tag=v0.6.3#6ffb53d649b9799acda6d03c3ed82706daaafe7d",
    "std",
    "sway_libs",
]

[[package]]
name = "gas-oracle"
source = "member"
dependencies = [
    "interfaces",
    "standards git+https://github.com/FuelLabs/sway-standards?tag=v0.6.3#6ffb53d649b9799acda6d03c3ed82706daaafe7d",
    "std",
    "sway_libs",
]

[[package]]
name = "gas-paymaster"
source = "member"
dependencies = [
    "interfaces",
    "message",
    "standards git+https://github.com/FuelLabs/sway-standards?tag=v0.6.3#6ffb53d649b9799acda6d03c3ed82706daaafe7d",
    "std",
    "std_hook_metadata",
    "sway_libs",
]

[[package]]
name = "interfaces"
source = "member"
dependencies = [
    "merkle",
    "message",
    "standards git+https://github.com/FuelLabs/sway-standards?tag=v0.5.0#348f7175df4c012b23c86cdb18aab79025ca1f18",
    "std",
    "sway_libs",
]

[[package]]
name = "ism-test"
source = "member"
dependencies = [
    "interfaces",
    "message",
    "std",
]

[[package]]
name = "mailbox"
source = "member"
dependencies = [
    "interfaces",
    "merkle",
    "message",
    "standards git+https://github.com/FuelLabs/sway-standards?tag=v0.6.3#6ffb53d649b9799acda6d03c3ed82706daaafe7d",
    "std",
    "sway_libs",
]

[[package]]
name = "mailbox-test"
source = "member"
dependencies = [
    "interfaces",
    "message",
    "std",
]

[[package]]
name = "merkle"
source = "member"
dependencies = ["std"]

[[package]]
name = "merkle-root-multisig-ism"
source = "member"
dependencies = [
    "checkpoint",
    "interfaces",
    "merkle",
    "merkle_root_multisig_ism_metadata",
    "message",
    "std",
    "std_lib_extended",
]

[[package]]
name = "merkle-test"
source = "member"
dependencies = [
    "merkle",
    "std",
]

[[package]]
name = "merkle-tree-hook"
source = "member"
dependencies = [
    "interfaces",
    "merkle",
    "message",
    "std",
    "std_hook_metadata",
]

[[package]]
name = "merkle_root_multisig_ism_metadata"
source = "member"
dependencies = [
    "std",
    "std_lib_extended",
]

[[package]]
name = "message"
source = "member"
dependencies = [
    "std",
    "std_lib_extended",
]

[[package]]
name = "message-id-multisig-ism"
source = "member"
dependencies = [
    "checkpoint",
    "interfaces",
    "message",
    "message_id_multisig_ism_metadata",
    "std",
    "std_lib_extended",
]

[[package]]
name = "message_id_multisig_ism_metadata"
source = "member"
dependencies = [
    "std",
    "std_lib_extended",
]

[[package]]
name = "mock-msg-recipient"
source = "member"
dependencies = [
    "interfaces",
    "std",
]

[[package]]
name = "mock-post-dispatch"
source = "member"
dependencies = [
    "interfaces",
    "std",
]

[[package]]
name = "msg-recipient-test"
source = "member"
dependencies = [
    "interfaces",
    "std",
]

[[package]]
name = "pausable-hook"
source = "member"
dependencies = [
    "interfaces",
    "standards git+https://github.com/FuelLabs/sway-standards?tag=v0.6.3#6ffb53d649b9799acda6d03c3ed82706daaafe7d",
    "std",
    "std_hook_metadata",
    "sway_libs",
]

[[package]]
name = "pausable-ism"
source = "member"
dependencies = [
    "interfaces",
    "standards git+https://github.com/FuelLabs/sway-standards?tag=v0.6.3#6ffb53d649b9799acda6d03c3ed82706daaafe7d",
    "std",
    "sway_libs",
]

[[package]]
name = "protocol-fee"
source = "member"
dependencies = [
    "interfaces",
    "message",
    "standards git+https://github.com/FuelLabs/sway-standards?tag=v0.6.3#6ffb53d649b9799acda6d03c3ed82706daaafe7d",
    "std",
    "std_hook_metadata",
    "sway_libs",
]

[[package]]
name = "src20-test"
source = "member"
dependencies = [
    "standards git+https://github.com/FuelLabs/sway-standards?tag=v0.6.3#6ffb53d649b9799acda6d03c3ed82706daaafe7d",
    "std",
    "sway_libs",
]

[[package]]
name = "standards"
source = "git+https://github.com/FuelLabs/sway-standards?tag=v0.5.0#348f7175df4c012b23c86cdb18aab79025ca1f18"
dependencies = ["std"]

[[package]]
name = "standards"
source = "git+https://github.com/FuelLabs/sway-standards?tag=v0.6.0#65e09f95ea8b9476b171a66c8a47108f352fa32c"
dependencies = ["std"]

[[package]]
name = "standards"
source = "git+https://github.com/FuelLabs/sway-standards?tag=v0.6.3#6ffb53d649b9799acda6d03c3ed82706daaafe7d"
dependencies = ["std"]

[[package]]
name = "std"
source = "git+https://github.com/fuellabs/sway?rev#988be9b6a987f58493d6500bb4529490e5cb787c"
dependencies = ["core"]

[[package]]
name = "std_hook_metadata"
source = "member"
dependencies = [
    "std",
    "std_lib_extended",
]

[[package]]
name = "std_lib_extended"
source = "member"
dependencies = ["std"]

[[package]]
name = "sway_libs"
source = "git+https://github.com/fuellabs/sway-libs?tag=v0.24.2#55d503c50281e775655e00282064e629f357dcfc"
dependencies = [
    "standards git+https://github.com/FuelLabs/sway-standards?tag=v0.6.0#65e09f95ea8b9476b171a66c8a47108f352fa32c",
    "std",
]

[[package]]
name = "validator-announce"
source = "member"
dependencies = [
    "interfaces",
    "standards git+https://github.com/FuelLabs/sway-standards?tag=v0.6.3#6ffb53d649b9799acda6d03c3ed82706daaafe7d",
    "std",
    "std_lib_extended",
    "sway_libs",
]

[[package]]
name = "warp-route"
source = "member"
dependencies = [
    "interfaces",
    "message",
    "standards git+https://github.com/FuelLabs/sway-standards?tag=v0.6.3#6ffb53d649b9799acda6d03c3ed82706daaafe7d",
    "std",
    "std_hook_metadata",
    "sway_libs",
]
